{
    "name": "hardhat-project",
    "lockfileVersion": 2,
    "requires": true,
    "packages": {
        "": {
            "name": "hardhat-project",
            "dependencies": {
                "@leo-003/cggmp-wasm": "^0.1.4",
                "fs": "^0.0.1-security"
            }
        },
        "node_modules/@leo-003/cggmp-wasm": {
            "version": "0.1.4",
            "resolved": "https://registry.npmjs.org/@leo-003/cggmp-wasm/-/cggmp-wasm-0.1.4.tgz",
            "integrity": "sha512-L6TwMMiYnezUv+duhtxYQdpP4DKEdjqTJWv67mkpi0TwuUuJ2RcaO9RZv5sibLyQYNC9yI7UGZ13WuDjWiQ9bA=="
        },
        "node_modules/fs": {
            "version": "0.0.1-security",
            "resolved": "https://registry.npmjs.org/fs/-/fs-0.0.1-security.tgz",
            "integrity": "sha512-3XY9e1pP0CVEUCdj5BmfIZxRBTSDycnbqhIOGec9QYtmVH2fbLpj86CFWkrNOkt/Fvty4KZG5lTglL9j/gJ87w=="
        }
    },
    "dependencies": {
        "@leo-003/cggmp-wasm": {
            "version": "0.1.4",
            "resolved": "https://registry.npmjs.org/@leo-003/cggmp-wasm/-/cggmp-wasm-0.1.4.tgz",
            "integrity": "sha512-L6TwMMiYnezUv+duhtxYQdpP4DKEdjqTJWv67mkpi0TwuUuJ2RcaO9RZv5sibLyQYNC9yI7UGZ13WuDjWiQ9bA=="
        },
        "fs": {
            "version": "0.0.1-security",
            "resolved": "https://registry.npmjs.org/fs/-/fs-0.0.1-security.tgz",
            "integrity": "sha512-3XY9e1pP0CVEUCdj5BmfIZxRBTSDycnbqhIOGec9QYtmVH2fbLpj86CFWkrNOkt/Fvty4KZG5lTglL9j/gJ87w=="
        }
    }
}
